
Microsoft Visual Studio Solution File, Format Version 12.00
# Visual Studio Version 17
VisualStudioVersion = 17.9.34701.34
MinimumVisualStudioVersion = 10.0.40219.1
Project("{FAE04EC0-301F-11D3-BF4B-00C04F79EFBC}") = "Zadanie3_v11", "Zadanie3_v11.csproj", "{90EAEA13-6887-47EE-B156-27B476032F30}"
EndProject
Project("{FAE04EC0-301F-11D3-BF4B-00C04F79EFBC}") = "ClassLibrary4", "..\ClassLibrary4\ClassLibrary4.csproj", "{9458D405-9803-403F-BD27-90F09472FC57}"
EndProject
Project("{FAE04EC0-301F-11D3-BF4B-00C04F79EFBC}") = "UnitTestProject1", "..\UnitTestProject1\UnitTestProject1.csproj", "{8F9610D5-85BB-48CF-B356-833630BD1F86}"
EndProject
Global
	GlobalSection(SolutionConfigurationPlatforms) = preSolution
		Debug|Any CPU = Debug|Any CPU
		Release|Any CPU = Release|Any CPU
	EndGlobalSection
	GlobalSection(ProjectConfigurationPlatforms) = postSolution
		{90EAEA13-6887-47EE-B156-27B476032F30}.Debug|Any CPU.ActiveCfg = Debug|Any CPU
		{90EAEA13-6887-47EE-B156-27B476032F30}.Debug|Any CPU.Build.0 = Debug|Any CPU
		{90EAEA13-6887-47EE-B156-27B476032F30}.Release|Any CPU.ActiveCfg = Release|Any CPU
		{90EAEA13-6887-47EE-B156-27B476032F30}.Release|Any CPU.Build.0 = Release|Any CPU
		{9458D405-9803-403F-BD27-90F09472FC57}.Debug|Any CPU.ActiveCfg = Debug|Any CPU
		{9458D405-9803-403F-BD27-90F09472FC57}.Debug|Any CPU.Build.0 = Debug|Any CPU
		{9458D405-9803-403F-BD27-90F09472FC57}.Release|Any CPU.ActiveCfg = Release|Any CPU
		{9458D405-9803-403F-BD27-90F09472FC57}.Release|Any CPU.Build.0 = Release|Any CPU
		{8F9610D5-85BB-48CF-B356-833630BD1F86}.Debug|Any CPU.ActiveCfg = Debug|Any CPU
		{8F9610D5-85BB-48CF-B356-833630BD1F86}.Debug|Any CPU.Build.0 = Debug|Any CPU
		{8F9610D5-85BB-48CF-B356-833630BD1F86}.Release|Any CPU.ActiveCfg = Release|Any CPU
		{8F9610D5-85BB-48CF-B356-833630BD1F86}.Release|Any CPU.Build.0 = Release|Any CPU
	EndGlobalSection
	GlobalSection(SolutionProperties) = preSolution
		HideSolutionNode = FALSE
	EndGlobalSection
	GlobalSection(ExtensibilityGlobals) = postSolution
		SolutionGuid = {5E6B8F68-558B-4156-B7FA-64175E0B2A28}
	EndGlobalSection
EndGlobal
